
Microsoft Visual Studio Solution File, Format Version 12.00
# Visual Studio Version 17
VisualStudioVersion = 17.0.31903.59
MinimumVisualStudioVersion = 10.0.40219.1
Project("{2150E333-8FDC-42A3-9474-1A3956D46DE8}") = "src", "src", "{827E0CD3-B72D-47B6-A68D-7590B98EB39B}"
EndProject
Project("{FAE04EC0-301F-11D3-BF4B-00C04F79EFBC}") = "MeridianOrdering", "src\MeridianOrdering\MeridianOrdering.csproj", "{23269D56-C6D8-4E5B-BCA4-275BF3A2560E}"
EndProject
Project("{FAE04EC0-301F-11D3-BF4B-00C04F79EFBC}") = "MeridianOrdering.Api", "src\MeridianOrdering.Api\MeridianOrdering.Api.csproj", "{EEC0DD3B-CF24-46DB-8E16-7FF15522CEAF}"
EndProject
Project("{2150E333-8FDC-42A3-9474-1A3956D46DE8}") = "tests", "tests", "{0AB3BF05-4346-4AA6-1389-037BE0695223}"
EndProject
Project("{FAE04EC0-301F-11D3-BF4B-00C04F79EFBC}") = "MeridianOrdering.Tests", "tests\MeridianOrdering.Tests\MeridianOrdering.Tests.csproj", "{A3B5190C-682A-43D0-B29A-894ECC636F4B}"
EndProject
Global
	GlobalSection(SolutionConfigurationPlatforms) = preSolution
		Debug|Any CPU = Debug|Any CPU
		Debug|x64 = Debug|x64
		Debug|x86 = Debug|x86
		Release|Any CPU = Release|Any CPU
		Release|x64 = Release|x64
		Release|x86 = Release|x86
	EndGlobalSection
	GlobalSection(ProjectConfigurationPlatforms) = postSolution
		{23269D56-C6D8-4E5B-BCA4-275BF3A2560E}.Debug|Any CPU.ActiveCfg = Debug|Any CPU
		{23269D56-C6D8-4E5B-BCA4-275BF3A2560E}.Debug|Any CPU.Build.0 = Debug|Any CPU
		{23269D56-C6D8-4E5B-BCA4-275BF3A2560E}.Debug|x64.ActiveCfg = Debug|Any CPU
		{23269D56-C6D8-4E5B-BCA4-275BF3A2560E}.Debug|x64.Build.0 = Debug|Any CPU
		{23269D56-C6D8-4E5B-BCA4-275BF3A2560E}.Debug|x86.ActiveCfg = Debug|Any CPU
		{23269D56-C6D8-4E5B-BCA4-275BF3A2560E}.Debug|x86.Build.0 = Debug|Any CPU
		{23269D56-C6D8-4E5B-BCA4-275BF3A2560E}.Release|Any CPU.ActiveCfg = Release|Any CPU
		{23269D56-C6D8-4E5B-BCA4-275BF3A2560E}.Release|Any CPU.Build.0 = Release|Any CPU
		{23269D56-C6D8-4E5B-BCA4-275BF3A2560E}.Release|x64.ActiveCfg = Release|Any CPU
		{23269D56-C6D8-4E5B-BCA4-275BF3A2560E}.Release|x64.Build.0 = Release|Any CPU
		{23269D56-C6D8-4E5B-BCA4-275BF3A2560E}.Release|x86.ActiveCfg = Release|Any CPU
		{23269D56-C6D8-4E5B-BCA4-275BF3A2560E}.Release|x86.Build.0 = Release|Any CPU
		{EEC0DD3B-CF24-46DB-8E16-7FF15522CEAF}.Debug|Any CPU.ActiveCfg = Debug|Any CPU
		{EEC0DD3B-CF24-46DB-8E16-7FF15522CEAF}.Debug|Any CPU.Build.0 = Debug|Any CPU
		{EEC0DD3B-CF24-46DB-8E16-7FF15522CEAF}.Debug|x64.ActiveCfg = Debug|Any CPU
		{EEC0DD3B-CF24-46DB-8E16-7FF15522CEAF}.Debug|x64.Build.0 = Debug|Any CPU
		{EEC0DD3B-CF24-46DB-8E16-7FF15522CEAF}.Debug|x86.ActiveCfg = Debug|Any CPU
		{EEC0DD3B-CF24-46DB-8E16-7FF15522CEAF}.Debug|x86.Build.0 = Debug|Any CPU
		{EEC0DD3B-CF24-46DB-8E16-7FF15522CEAF}.Release|Any CPU.ActiveCfg = Release|Any CPU
		{EEC0DD3B-CF24-46DB-8E16-7FF15522CEAF}.Release|Any CPU.Build.0 = Release|Any CPU
		{EEC0DD3B-CF24-46DB-8E16-7FF15522CEAF}.Release|x64.ActiveCfg = Release|Any CPU
		{EEC0DD3B-CF24-46DB-8E16-7FF15522CEAF}.Release|x64.Build.0 = Release|Any CPU
		{EEC0DD3B-CF24-46DB-8E16-7FF15522CEAF}.Release|x86.ActiveCfg = Release|Any CPU
		{EEC0DD3B-CF24-46DB-8E16-7FF15522CEAF}.Release|x86.Build.0 = Release|Any CPU
		{A3B5190C-682A-43D0-B29A-894ECC636F4B}.Debug|Any CPU.ActiveCfg = Debug|Any CPU
		{A3B5190C-682A-43D0-B29A-894ECC636F4B}.Debug|Any CPU.Build.0 = Debug|Any CPU
		{A3B5190C-682A-43D0-B29A-894ECC636F4B}.Debug|x64.ActiveCfg = Debug|Any CPU
		{A3B5190C-682A-43D0-B29A-894ECC636F4B}.Debug|x64.Build.0 = Debug|Any CPU
		{A3B5190C-682A-43D0-B29A-894ECC636F4B}.Debug|x86.ActiveCfg = Debug|Any CPU
		{A3B5190C-682A-43D0-B29A-894ECC636F4B}.Debug|x86.Build.0 = Debug|Any CPU
		{A3B5190C-682A-43D0-B29A-894ECC636F4B}.Release|Any CPU.ActiveCfg = Release|Any CPU
		{A3B5190C-682A-43D0-B29A-894ECC636F4B}.Release|Any CPU.Build.0 = Release|Any CPU
		{A3B5190C-682A-43D0-B29A-894ECC636F4B}.Release|x64.ActiveCfg = Release|Any CPU
		{A3B5190C-682A-43D0-B29A-894ECC636F4B}.Release|x64.Build.0 = Release|Any CPU
		{A3B5190C-682A-43D0-B29A-894ECC636F4B}.Release|x86.ActiveCfg = Release|Any CPU
		{A3B5190C-682A-43D0-B29A-894ECC636F4B}.Release|x86.Build.0 = Release|Any CPU
	EndGlobalSection
	GlobalSection(SolutionProperties) = preSolution
		HideSolutionNode = FALSE
	EndGlobalSection
	GlobalSection(NestedProjects) = preSolution
		{23269D56-C6D8-4E5B-BCA4-275BF3A2560E} = {827E0CD3-B72D-47B6-A68D-7590B98EB39B}
		{EEC0DD3B-CF24-46DB-8E16-7FF15522CEAF} = {827E0CD3-B72D-47B6-A68D-7590B98EB39B}
		{A3B5190C-682A-43D0-B29A-894ECC636F4B} = {0AB3BF05-4346-4AA6-1389-037BE0695223}
	EndGlobalSection
EndGlobal
